// !$*UTF8*$!
{
	archiveVersion = 1;
	classes = {
	};
	objectVersion = 56;
	objects = {

/* Begin PBXBuildFile section */
		377F80FE2F0B9EFB0045D15F /* WhisperKit in Frameworks */ = {isa = PBXBuildFile; productRef = PKG_DEP001 /* WhisperKit */; };
		377F80FE2F0B9EFB0045D160 /* GoogleGenerativeAI in Frameworks */ = {isa = PBXBuildFile; productRef = PKG_DEP002 /* GoogleGenerativeAI */; };
		APP001 /* VoiceTypeApp.swift in Sources */ = {isa = PBXBuildFile; fileRef = SRC001 /* VoiceTypeApp.swift */; };
		APP002 /* AppDelegate.swift in Sources */ = {isa = PBXBuildFile; fileRef = SRC002 /* AppDelegate.swift */; };
		APP003 /* AppState.swift in Sources */ = {isa = PBXBuildFile; fileRef = SRC003 /* AppState.swift */; };
		MOD001 /* TranscriptionHistory.swift in Sources */ = {isa = PBXBuildFile; fileRef = SRC018 /* TranscriptionHistory.swift */; };
		RES001 /* Assets.xcassets in Resources */ = {isa = PBXBuildFile; fileRef = RES101 /* Assets.xcassets */; };
		SVC001 /* PermissionsManager.swift in Sources */ = {isa = PBXBuildFile; fileRef = SRC004 /* PermissionsManager.swift */; };
		SVC002 /* HotkeyMonitor.swift in Sources */ = {isa = PBXBuildFile; fileRef = SRC005 /* HotkeyMonitor.swift */; };
		SVC003 /* AudioRecorder.swift in Sources */ = {isa = PBXBuildFile; fileRef = SRC006 /* AudioRecorder.swift */; };
		SVC004 /* SpeechRecognizer.swift in Sources */ = {isa = PBXBuildFile; fileRef = SRC007 /* SpeechRecognizer.swift */; };
		SVC005 /* TextInjector.swift in Sources */ = {isa = PBXBuildFile; fileRef = SRC008 /* TextInjector.swift */; };
		SVC006 /* GeminiService.swift in Sources */ = {isa = PBXBuildFile; fileRef = SRC016 /* GeminiService.swift */; };
		UTL001 /* Constants.swift in Sources */ = {isa = PBXBuildFile; fileRef = SRC014 /* Constants.swift */; };
		UTL002 /* Extensions.swift in Sources */ = {isa = PBXBuildFile; fileRef = SRC015 /* Extensions.swift */; };
		UTL003 /* FocusManager.swift in Sources */ = {isa = PBXBuildFile; fileRef = SRC019 /* FocusManager.swift */; };
		VW001 /* FloatingPanel.swift in Sources */ = {isa = PBXBuildFile; fileRef = SRC009 /* FloatingPanel.swift */; };
		VW002 /* FloatingWidgetView.swift in Sources */ = {isa = PBXBuildFile; fileRef = SRC010 /* FloatingWidgetView.swift */; };
		VW003 /* MenuBarController.swift in Sources */ = {isa = PBXBuildFile; fileRef = SRC011 /* MenuBarController.swift */; };
		VW004 /* OnboardingView.swift in Sources */ = {isa = PBXBuildFile; fileRef = SRC012 /* OnboardingView.swift */; };
		VW005 /* SettingsView.swift in Sources */ = {isa = PBXBuildFile; fileRef = SRC013 /* SettingsView.swift */; };
		VW006 /* HistoryView.swift in Sources */ = {isa = PBXBuildFile; fileRef = SRC017 /* HistoryView.swift */; };
/* End PBXBuildFile section */

/* Begin PBXFileReference section */
		PROD001 /* VoiceType.app */ = {isa = PBXFileReference; explicitFileType = wrapper.application; includeInIndex = 0; path = VoiceType.app; sourceTree = BUILT_PRODUCTS_DIR; };
		RES101 /* Assets.xcassets */ = {isa = PBXFileReference; lastKnownFileType = folder.assetcatalog; path = Assets.xcassets; sourceTree = "<group>"; };
		SRC001 /* VoiceTypeApp.swift */ = {isa = PBXFileReference; lastKnownFileType = sourcecode.swift; path = VoiceTypeApp.swift; sourceTree = "<group>"; };
		SRC002 /* AppDelegate.swift */ = {isa = PBXFileReference; lastKnownFileType = sourcecode.swift; path = AppDelegate.swift; sourceTree = "<group>"; };
		SRC003 /* AppState.swift */ = {isa = PBXFileReference; lastKnownFileType = sourcecode.swift; path = AppState.swift; sourceTree = "<group>"; };
		SRC004 /* PermissionsManager.swift */ = {isa = PBXFileReference; lastKnownFileType = sourcecode.swift; path = PermissionsManager.swift; sourceTree = "<group>"; };
		SRC005 /* HotkeyMonitor.swift */ = {isa = PBXFileReference; lastKnownFileType = sourcecode.swift; path = HotkeyMonitor.swift; sourceTree = "<group>"; };
		SRC006 /* AudioRecorder.swift */ = {isa = PBXFileReference; lastKnownFileType = sourcecode.swift; path = AudioRecorder.swift; sourceTree = "<group>"; };
		SRC007 /* SpeechRecognizer.swift */ = {isa = PBXFileReference; lastKnownFileType = sourcecode.swift; path = SpeechRecognizer.swift; sourceTree = "<group>"; };
		SRC008 /* TextInjector.swift */ = {isa = PBXFileReference; lastKnownFileType = sourcecode.swift; path = TextInjector.swift; sourceTree = "<group>"; };
		SRC009 /* FloatingPanel.swift */ = {isa = PBXFileReference; lastKnownFileType = sourcecode.swift; path = FloatingPanel.swift; sourceTree = "<group>"; };
		SRC010 /* FloatingWidgetView.swift */ = {isa = PBXFileReference; lastKnownFileType = sourcecode.swift; path = FloatingWidgetView.swift; sourceTree = "<group>"; };
		SRC011 /* MenuBarController.swift */ = {isa = PBXFileReference; lastKnownFileType = sourcecode.swift; path = MenuBarController.swift; sourceTree = "<group>"; };
		SRC012 /* OnboardingView.swift */ = {isa = PBXFileReference; lastKnownFileType = sourcecode.swift; path = OnboardingView.swift; sourceTree = "<group>"; };
		SRC013 /* SettingsView.swift */ = {isa = PBXFileReference; lastKnownFileType = sourcecode.swift; path = SettingsView.swift; sourceTree = "<group>"; };
		SRC014 /* Constants.swift */ = {isa = PBXFileReference; lastKnownFileType = sourcecode.swift; path = Constants.swift; sourceTree = "<group>"; };
		SRC015 /* Extensions.swift */ = {isa = PBXFileReference; lastKnownFileType = sourcecode.swift; path = Extensions.swift; sourceTree = "<group>"; };
		SRC016 /* GeminiService.swift */ = {isa = PBXFileReference; lastKnownFileType = sourcecode.swift; path = GeminiService.swift; sourceTree = "<group>"; };
		SRC017 /* HistoryView.swift */ = {isa = PBXFileReference; lastKnownFileType = sourcecode.swift; path = HistoryView.swift; sourceTree = "<group>"; };
		SRC018 /* TranscriptionHistory.swift */ = {isa = PBXFileReference; lastKnownFileType = sourcecode.swift; path = TranscriptionHistory.swift; sourceTree = "<group>"; };
		SRC019 /* FocusManager.swift */ = {isa = PBXFileReference; lastKnownFileType = sourcecode.swift; path = FocusManager.swift; sourceTree = "<group>"; };
		SUP001 /* Info.plist */ = {isa = PBXFileReference; lastKnownFileType = text.plist.xml; path = Info.plist; sourceTree = "<group>"; };
		SUP002 /* VoiceType.entitlements */ = {isa = PBXFileReference; lastKnownFileType = text.plist.entitlements; path = VoiceType.entitlements; sourceTree = "<group>"; };
/* End PBXFileReference section */

/* Begin PBXFrameworksBuildPhase section */
		FRM001 /* Frameworks */ = {
			isa = PBXFrameworksBuildPhase;
			buildActionMask = 2147483647;
			files = (
				377F80FE2F0B9EFB0045D15F /* WhisperKit in Frameworks */,
				377F80FE2F0B9EFB0045D160 /* GoogleGenerativeAI in Frameworks */,
			);
			runOnlyForDeploymentPostprocessing = 0;
		};
/* End PBXFrameworksBuildPhase section */

/* Begin PBXGroup section */
		GRP001 /* VoiceType */ = {
			isa = PBXGroup;
			children = (
				GRP_APP /* App */,
				GRP_MOD /* Models */,
				GRP_SVC /* Services */,
				GRP_VW /* Views */,
				GRP_UTL /* Utilities */,
				GRP_RES /* Resources */,
				GRP_SUP /* Supporting Files */,
			);
			path = VoiceType;
			sourceTree = "<group>";
		};
		GRP_APP /* App */ = {
			isa = PBXGroup;
			children = (
				SRC001 /* VoiceTypeApp.swift */,
				SRC002 /* AppDelegate.swift */,
				SRC003 /* AppState.swift */,
			);
			path = App;
			sourceTree = "<group>";
		};
		GRP_MOD /* Models */ = {
			isa = PBXGroup;
			children = (
				SRC018 /* TranscriptionHistory.swift */,
			);
			path = Models;
			sourceTree = "<group>";
		};
		GRP_PROD /* Products */ = {
			isa = PBXGroup;
			children = (
				PROD001 /* VoiceType.app */,
			);
			name = Products;
			sourceTree = "<group>";
		};
		GRP_RES /* Resources */ = {
			isa = PBXGroup;
			children = (
				RES101 /* Assets.xcassets */,
			);
			path = Resources;
			sourceTree = "<group>";
		};
		GRP_SUP /* Supporting Files */ = {
			isa = PBXGroup;
			children = (
				SUP001 /* Info.plist */,
				SUP002 /* VoiceType.entitlements */,
			);
			path = "Supporting Files";
			sourceTree = "<group>";
		};
		GRP_SVC /* Services */ = {
			isa = PBXGroup;
			children = (
				SRC004 /* PermissionsManager.swift */,
				SRC005 /* HotkeyMonitor.swift */,
				SRC006 /* AudioRecorder.swift */,
				SRC007 /* SpeechRecognizer.swift */,
				SRC008 /* TextInjector.swift */,
				SRC016 /* GeminiService.swift */,
			);
			path = Services;
			sourceTree = "<group>";
		};
		GRP_UTL /* Utilities */ = {
			isa = PBXGroup;
			children = (
				SRC014 /* Constants.swift */,
				SRC015 /* Extensions.swift */,
				SRC019 /* FocusManager.swift */,
			);
			path = Utilities;
			sourceTree = "<group>";
		};
		GRP_VW /* Views */ = {
			isa = PBXGroup;
			children = (
				SRC009 /* FloatingPanel.swift */,
				SRC010 /* FloatingWidgetView.swift */,
				SRC011 /* MenuBarController.swift */,
				SRC012 /* OnboardingView.swift */,
				SRC013 /* SettingsView.swift */,
				SRC017 /* HistoryView.swift */,
			);
			path = Views;
			sourceTree = "<group>";
		};
		ROOT = {
			isa = PBXGroup;
			children = (
				GRP001 /* VoiceType */,
				GRP_PROD /* Products */,
			);
			sourceTree = "<group>";
		};
/* End PBXGroup section */

/* Begin PBXNativeTarget section */
		TGT001 /* VoiceType */ = {
			isa = PBXNativeTarget;
			buildConfigurationList = CFG_TGT /* Build configuration list for PBXNativeTarget "VoiceType" */;
			buildPhases = (
				SRC_PHASE /* Sources */,
				FRM001 /* Frameworks */,
				RES_PHASE /* Resources */,
			);
			buildRules = (
			);
			dependencies = (
			);
			name = VoiceType;
			packageProductDependencies = (
				PKG_DEP001 /* WhisperKit */,
				PKG_DEP002 /* GoogleGenerativeAI */,
			);
			productName = VoiceType;
			productReference = PROD001 /* VoiceType.app */;
			productType = "com.apple.product-type.application";
		};
/* End PBXNativeTarget section */

/* Begin PBXProject section */
		PROJ001 /* Project object */ = {
			isa = PBXProject;
			attributes = {
				BuildIndependentTargetsInParallel = 1;
				LastSwiftUpdateCheck = 1500;
				LastUpgradeCheck = 2620;
				TargetAttributes = {
					TGT001 = {
						CreatedOnToolsVersion = 15.0;
					};
				};
			};
			buildConfigurationList = CFG_PROJ /* Build configuration list for PBXProject "VoiceType" */;
			compatibilityVersion = "Xcode 14.0";
			developmentRegion = en;
			hasScannedForEncodings = 0;
			knownRegions = (
				en,
				Base,
			);
			mainGroup = ROOT;
			packageReferences = (
				PKG_REF001 /* XCRemoteSwiftPackageReference "WhisperKit" */,
				PKG_REF002 /* XCRemoteSwiftPackageReference "generative-ai-swift" */,
			);
			productRefGroup = GRP_PROD /* Products */;
			projectDirPath = "";
			projectRoot = "";
			targets = (
				TGT001 /* VoiceType */,
			);
		};
/* End PBXProject section */

/* Begin PBXResourcesBuildPhase section */
		RES_PHASE /* Resources */ = {
			isa = PBXResourcesBuildPhase;
			buildActionMask = 2147483647;
			files = (
				RES001 /* Assets.xcassets in Resources */,
			);
			runOnlyForDeploymentPostprocessing = 0;
		};
/* End PBXResourcesBuildPhase section */

/* Begin PBXSourcesBuildPhase section */
		SRC_PHASE /* Sources */ = {
			isa = PBXSourcesBuildPhase;
			buildActionMask = 2147483647;
			files = (
				APP001 /* VoiceTypeApp.swift in Sources */,
				APP002 /* AppDelegate.swift in Sources */,
				APP003 /* AppState.swift in Sources */,
				SVC001 /* PermissionsManager.swift in Sources */,
				SVC002 /* HotkeyMonitor.swift in Sources */,
				SVC003 /* AudioRecorder.swift in Sources */,
				SVC004 /* SpeechRecognizer.swift in Sources */,
				SVC005 /* TextInjector.swift in Sources */,
				SVC006 /* GeminiService.swift in Sources */,
				VW001 /* FloatingPanel.swift in Sources */,
				VW002 /* FloatingWidgetView.swift in Sources */,
				VW003 /* MenuBarController.swift in Sources */,
				VW004 /* OnboardingView.swift in Sources */,
				VW005 /* SettingsView.swift in Sources */,
				VW006 /* HistoryView.swift in Sources */,
				MOD001 /* TranscriptionHistory.swift in Sources */,
				UTL001 /* Constants.swift in Sources */,
				UTL002 /* Extensions.swift in Sources */,
				UTL003 /* FocusManager.swift in Sources */,
			);
			runOnlyForDeploymentPostprocessing = 0;
		};
/* End PBXSourcesBuildPhase section */

/* Begin XCBuildConfiguration section */
		CFG_DBG /* Debug */ = {
			isa = XCBuildConfiguration;
			buildSettings = {
				ALWAYS_SEARCH_USER_PATHS = NO;
				ASSETCATALOG_COMPILER_GENERATE_SWIFT_ASSET_SYMBOL_EXTENSIONS = YES;
				CLANG_ANALYZER_NONNULL = YES;
				CLANG_ANALYZER_NUMBER_OBJECT_CONVERSION = YES_AGGRESSIVE;
				CLANG_CXX_LANGUAGE_STANDARD = "gnu++20";
				CLANG_ENABLE_MODULES = YES;
				CLANG_ENABLE_OBJC_ARC = YES;
				CLANG_ENABLE_OBJC_WEAK = YES;
				CLANG_WARN_BLOCK_CAPTURE_AUTORELEASING = YES;
				CLANG_WARN_BOOL_CONVERSION = YES;
				CLANG_WARN_COMMA = YES;
				CLANG_WARN_CONSTANT_CONVERSION = YES;
				CLANG_WARN_DEPRECATED_OBJC_IMPLEMENTATIONS = YES;
				CLANG_WARN_DIRECT_OBJC_ISA_USAGE = YES_ERROR;
				CLANG_WARN_DOCUMENTATION_COMMENTS = YES;
				CLANG_WARN_EMPTY_BODY = YES;
				CLANG_WARN_ENUM_CONVERSION = YES;
				CLANG_WARN_INFINITE_RECURSION = YES;
				CLANG_WARN_INT_CONVERSION = YES;
				CLANG_WARN_NON_LITERAL_NULL_CONVERSION = YES;
				CLANG_WARN_OBJC_IMPLICIT_RETAIN_SELF = YES;
				CLANG_WARN_OBJC_LITERAL_CONVERSION = YES;
				CLANG_WARN_OBJC_ROOT_CLASS = YES_ERROR;
				CLANG_WARN_QUOTED_INCLUDE_IN_FRAMEWORK_HEADER = YES;
				CLANG_WARN_RANGE_LOOP_ANALYSIS = YES;
				CLANG_WARN_STRICT_PROTOTYPES = YES;
				CLANG_WARN_SUSPICIOUS_MOVE = YES;
				CLANG_WARN_UNGUARDED_AVAILABILITY = YES_AGGRESSIVE;
				CLANG_WARN_UNREACHABLE_CODE = YES;
				CLANG_WARN__DUPLICATE_METHOD_MATCH = YES;
				COPY_PHASE_STRIP = NO;
				DEAD_CODE_STRIPPING = YES;
				DEBUG_INFORMATION_FORMAT = dwarf;
				DEVELOPMENT_TEAM = U7YNXF9PG2;
				ENABLE_STRICT_OBJC_MSGSEND = YES;
				ENABLE_TESTABILITY = YES;
				ENABLE_USER_SCRIPT_SANDBOXING = YES;
				GCC_C_LANGUAGE_STANDARD = gnu17;
				GCC_DYNAMIC_NO_PIC = NO;
				GCC_NO_COMMON_BLOCKS = YES;
				GCC_OPTIMIZATION_LEVEL = 0;
				GCC_PREPROCESSOR_DEFINITIONS = (
					"DEBUG=1",
					"$(inherited)",
				);
				GCC_WARN_64_TO_32_BIT_CONVERSION = YES;
				GCC_WARN_ABOUT_RETURN_TYPE = YES_ERROR;
				GCC_WARN_UNDECLARED_SELECTOR = YES;
				GCC_WARN_UNINITIALIZED_AUTOS = YES_AGGRESSIVE;
				GCC_WARN_UNUSED_FUNCTION = YES;
				GCC_WARN_UNUSED_VARIABLE = YES;
				MACOSX_DEPLOYMENT_TARGET = 14.0;
				MTL_ENABLE_DEBUG_INFO = INCLUDE_SOURCE;
				MTL_FAST_MATH = YES;
				ONLY_ACTIVE_ARCH = YES;
				SDKROOT = macosx;
				STRING_CATALOG_GENERATE_SYMBOLS = YES;
				SWIFT_ACTIVE_COMPILATION_CONDITIONS = "DEBUG $(inherited)";
				SWIFT_OPTIMIZATION_LEVEL = "-Onone";
			};
			name = Debug;
		};
		CFG_REL /* Release */ = {
			isa = XCBuildConfiguration;
			buildSettings = {
				ALWAYS_SEARCH_USER_PATHS = NO;
				ASSETCATALOG_COMPILER_GENERATE_SWIFT_ASSET_SYMBOL_EXTENSIONS = YES;
				CLANG_ANALYZER_NONNULL = YES;
				CLANG_ANALYZER_NUMBER_OBJECT_CONVERSION = YES_AGGRESSIVE;
				CLANG_CXX_LANGUAGE_STANDARD = "gnu++20";
				CLANG_ENABLE_MODULES = YES;
				CLANG_ENABLE_OBJC_ARC = YES;
				CLANG_ENABLE_OBJC_WEAK = YES;
				CLANG_WARN_BLOCK_CAPTURE_AUTORELEASING = YES;
				CLANG_WARN_BOOL_CONVERSION = YES;
				CLANG_WARN_COMMA = YES;
				CLANG_WARN_CONSTANT_CONVERSION = YES;
				CLANG_WARN_DEPRECATED_OBJC_IMPLEMENTATIONS = YES;
				CLANG_WARN_DIRECT_OBJC_ISA_USAGE = YES_ERROR;
				CLANG_WARN_DOCUMENTATION_COMMENTS = YES;
				CLANG_WARN_EMPTY_BODY = YES;
				CLANG_WARN_ENUM_CONVERSION = YES;
				CLANG_WARN_INFINITE_RECURSION = YES;
				CLANG_WARN_INT_CONVERSION = YES;
				CLANG_WARN_NON_LITERAL_NULL_CONVERSION = YES;
				CLANG_WARN_OBJC_IMPLICIT_RETAIN_SELF = YES;
				CLANG_WARN_OBJC_LITERAL_CONVERSION = YES;
				CLANG_WARN_OBJC_ROOT_CLASS = YES_ERROR;
				CLANG_WARN_QUOTED_INCLUDE_IN_FRAMEWORK_HEADER = YES;
				CLANG_WARN_RANGE_LOOP_ANALYSIS = YES;
				CLANG_WARN_STRICT_PROTOTYPES = YES;
				CLANG_WARN_SUSPICIOUS_MOVE = YES;
				CLANG_WARN_UNGUARDED_AVAILABILITY = YES_AGGRESSIVE;
				CLANG_WARN_UNREACHABLE_CODE = YES;
				CLANG_WARN__DUPLICATE_METHOD_MATCH = YES;
				COPY_PHASE_STRIP = NO;
				DEAD_CODE_STRIPPING = YES;
				DEBUG_INFORMATION_FORMAT = "dwarf-with-dsym";
				DEVELOPMENT_TEAM = U7YNXF9PG2;
				ENABLE_NS_ASSERTIONS = NO;
				ENABLE_STRICT_OBJC_MSGSEND = YES;
				ENABLE_USER_SCRIPT_SANDBOXING = YES;
				GCC_C_LANGUAGE_STANDARD = gnu17;
				GCC_NO_COMMON_BLOCKS = YES;
				GCC_WARN_64_TO_32_BIT_CONVERSION = YES;
				GCC_WARN_ABOUT_RETURN_TYPE = YES_ERROR;
				GCC_WARN_UNDECLARED_SELECTOR = YES;
				GCC_WARN_UNINITIALIZED_AUTOS = YES_AGGRESSIVE;
				GCC_WARN_UNUSED_FUNCTION = YES;
				GCC_WARN_UNUSED_VARIABLE = YES;
				MACOSX_DEPLOYMENT_TARGET = 14.0;
				MTL_ENABLE_DEBUG_INFO = NO;
				MTL_FAST_MATH = YES;
				SDKROOT = macosx;
				STRING_CATALOG_GENERATE_SYMBOLS = YES;
				SWIFT_COMPILATION_MODE = wholemodule;
			};
			name = Release;
		};
		CFG_TGT_DBG /* Debug */ = {
			isa = XCBuildConfiguration;
			buildSettings = {
				ASSETCATALOG_COMPILER_APPICON_NAME = AppIcon;
				ASSETCATALOG_COMPILER_GLOBAL_ACCENT_COLOR_NAME = AccentColor;
				AUTOMATION_APPLE_EVENTS = NO;
				CODE_SIGN_ENTITLEMENTS = "VoiceType/Supporting Files/VoiceType.entitlements";
				"CODE_SIGN_IDENTITY[sdk=macosx*]" = "-";
				CODE_SIGN_STYLE = Automatic;
				COMBINE_HIDPI_IMAGES = YES;
				CURRENT_PROJECT_VERSION = 1;
				DEAD_CODE_STRIPPING = YES;
				ENABLE_APP_SANDBOX = NO;
				ENABLE_HARDENED_RUNTIME = YES;
				ENABLE_RESOURCE_ACCESS_AUDIO_INPUT = YES;
				ENABLE_RESOURCE_ACCESS_CALENDARS = NO;
				ENABLE_RESOURCE_ACCESS_CAMERA = NO;
				ENABLE_RESOURCE_ACCESS_CONTACTS = NO;
				ENABLE_RESOURCE_ACCESS_LOCATION = NO;
				ENABLE_RESOURCE_ACCESS_PHOTO_LIBRARY = NO;
				GENERATE_INFOPLIST_FILE = NO;
				INFOPLIST_FILE = "VoiceType/Supporting Files/Info.plist";
				INFOPLIST_KEY_LSApplicationCategoryType = "public.app-category.productivity";
				INFOPLIST_KEY_NSHumanReadableCopyright = "";
				INFOPLIST_KEY_NSMicrophoneUsageDescription = "VoiceType needs microphone access to convert your speech into text.";
				LD_RUNPATH_SEARCH_PATHS = (
					"$(inherited)",
					"@executable_path/../Frameworks",
				);
				MARKETING_VERSION = 1.0.0;
				PRODUCT_BUNDLE_IDENTIFIER = com.voicetype.app;
				PRODUCT_NAME = "$(TARGET_NAME)";
				RUNTIME_EXCEPTION_ALLOW_DYLD_ENVIRONMENT_VARIABLES = NO;
				RUNTIME_EXCEPTION_ALLOW_JIT = NO;
				RUNTIME_EXCEPTION_ALLOW_UNSIGNED_EXECUTABLE_MEMORY = NO;
				RUNTIME_EXCEPTION_DEBUGGING_TOOL = NO;
				RUNTIME_EXCEPTION_DISABLE_EXECUTABLE_PAGE_PROTECTION = NO;
				RUNTIME_EXCEPTION_DISABLE_LIBRARY_VALIDATION = NO;
				SWIFT_EMIT_LOC_STRINGS = YES;
				SWIFT_VERSION = 5.0;
			};
			name = Debug;
		};
		CFG_TGT_REL /* Release */ = {
			isa = XCBuildConfiguration;
			buildSettings = {
				ASSETCATALOG_COMPILER_APPICON_NAME = AppIcon;
				ASSETCATALOG_COMPILER_GLOBAL_ACCENT_COLOR_NAME = AccentColor;
				AUTOMATION_APPLE_EVENTS = NO;
				CODE_SIGN_ENTITLEMENTS = "VoiceType/Supporting Files/VoiceType.entitlements";
				"CODE_SIGN_IDENTITY[sdk=macosx*]" = "-";
				CODE_SIGN_STYLE = Automatic;
				COMBINE_HIDPI_IMAGES = YES;
				CURRENT_PROJECT_VERSION = 1;
				DEAD_CODE_STRIPPING = YES;
				ENABLE_APP_SANDBOX = NO;
				ENABLE_HARDENED_RUNTIME = YES;
				ENABLE_RESOURCE_ACCESS_AUDIO_INPUT = YES;
				ENABLE_RESOURCE_ACCESS_CALENDARS = NO;
				ENABLE_RESOURCE_ACCESS_CAMERA = NO;
				ENABLE_RESOURCE_ACCESS_CONTACTS = NO;
				ENABLE_RESOURCE_ACCESS_LOCATION = NO;
				ENABLE_RESOURCE_ACCESS_PHOTO_LIBRARY = NO;
				GENERATE_INFOPLIST_FILE = NO;
				INFOPLIST_FILE = "VoiceType/Supporting Files/Info.plist";
				INFOPLIST_KEY_LSApplicationCategoryType = "public.app-category.productivity";
				INFOPLIST_KEY_NSHumanReadableCopyright = "";
				INFOPLIST_KEY_NSMicrophoneUsageDescription = "VoiceType needs microphone access to convert your speech into text.";
				LD_RUNPATH_SEARCH_PATHS = (
					"$(inherited)",
					"@executable_path/../Frameworks",
				);
				MARKETING_VERSION = 1.0.0;
				PRODUCT_BUNDLE_IDENTIFIER = com.voicetype.app;
				PRODUCT_NAME = "$(TARGET_NAME)";
				RUNTIME_EXCEPTION_ALLOW_DYLD_ENVIRONMENT_VARIABLES = NO;
				RUNTIME_EXCEPTION_ALLOW_JIT = NO;
				RUNTIME_EXCEPTION_ALLOW_UNSIGNED_EXECUTABLE_MEMORY = NO;
				RUNTIME_EXCEPTION_DEBUGGING_TOOL = NO;
				RUNTIME_EXCEPTION_DISABLE_EXECUTABLE_PAGE_PROTECTION = NO;
				RUNTIME_EXCEPTION_DISABLE_LIBRARY_VALIDATION = NO;
				SWIFT_EMIT_LOC_STRINGS = YES;
				SWIFT_VERSION = 5.0;
			};
			name = Release;
		};
/* End XCBuildConfiguration section */

/* Begin XCConfigurationList section */
		CFG_PROJ /* Build configuration list for PBXProject "VoiceType" */ = {
			isa = XCConfigurationList;
			buildConfigurations = (
				CFG_DBG /* Debug */,
				CFG_REL /* Release */,
			);
			defaultConfigurationIsVisible = 0;
			defaultConfigurationName = Release;
		};
		CFG_TGT /* Build configuration list for PBXNativeTarget "VoiceType" */ = {
			isa = XCConfigurationList;
			buildConfigurations = (
				CFG_TGT_DBG /* Debug */,
				CFG_TGT_REL /* Release */,
			);
			defaultConfigurationIsVisible = 0;
			defaultConfigurationName = Release;
		};
/* End XCConfigurationList section */

/* Begin XCRemoteSwiftPackageReference section */
		PKG_REF001 /* XCRemoteSwiftPackageReference "WhisperKit" */ = {
			isa = XCRemoteSwiftPackageReference;
			repositoryURL = "https://github.com/argmaxinc/WhisperKit.git";
			requirement = {
				kind = upToNextMajorVersion;
				minimumVersion = 0.8.0;
			};
		};
		PKG_REF002 /* XCRemoteSwiftPackageReference "generative-ai-swift" */ = {
			isa = XCRemoteSwiftPackageReference;
			repositoryURL = "https://github.com/google/generative-ai-swift";
			requirement = {
				kind = upToNextMajorVersion;
				minimumVersion = 0.4.0;
			};
		};
/* End XCRemoteSwiftPackageReference section */

/* Begin XCSwiftPackageProductDependency section */
		PKG_DEP001 /* WhisperKit */ = {
			isa = XCSwiftPackageProductDependency;
			package = PKG_REF001 /* XCRemoteSwiftPackageReference "WhisperKit" */;
			productName = WhisperKit;
		};
		PKG_DEP002 /* GoogleGenerativeAI */ = {
			isa = XCSwiftPackageProductDependency;
			package = PKG_REF002 /* XCRemoteSwiftPackageReference "generative-ai-swift" */;
			productName = GoogleGenerativeAI;
		};
/* End XCSwiftPackageProductDependency section */
	};
	rootObject = PROJ001 /* Project object */;
}
